
Microsoft Visual Studio Solution File, Format Version 12.00
# Visual Studio Version 16
VisualStudioVersion = 16.0.31624.102
MinimumVisualStudioVersion = 10.0.40219.1
Project("{FAE04EC0-301F-11D3-BF4B-00C04F79EFBC}") = "TestApp", "TestApp.csproj", "{CD213ECE-13DC-4BC5-B3A5-F8E57F79FF93}"
EndProject
Global
	GlobalSection(SolutionConfigurationPlatforms) = preSolution
		Debug|Any CPU = Debug|Any CPU
		Release|Any CPU = Release|Any CPU
	EndGlobalSection
	GlobalSection(ProjectConfigurationPlatforms) = postSolution
		{CD213ECE-13DC-4BC5-B3A5-F8E57F79FF93}.Debug|Any CPU.ActiveCfg = Debug|Any CPU
		{CD213ECE-13DC-4BC5-B3A5-F8E57F79FF93}.Debug|Any CPU.Build.0 = Debug|Any CPU
		{CD213ECE-13DC-4BC5-B3A5-F8E57F79FF93}.Release|Any CPU.ActiveCfg = Release|Any CPU
		{CD213ECE-13DC-4BC5-B3A5-F8E57F79FF93}.Release|Any CPU.Build.0 = Release|Any CPU
	EndGlobalSection
	GlobalSection(SolutionProperties) = preSolution
		HideSolutionNode = FALSE
	EndGlobalSection
	GlobalSection(ExtensibilityGlobals) = postSolution
		SolutionGuid = {A5748992-5242-42EE-AD81-998A722ED6CB}
	EndGlobalSection
EndGlobal
